<?xml version="1.0" encoding="utf-8"?>
<Project ToolsVersion="4.0" xmlns="http://schemas.microsoft.com/developer/msbuild/2003">
  <ItemGroup>
    <Filter Include="src">
      <UniqueIdentifier>{88d7f068-b112-4f1c-a0b9-fe4bb3eeab59}</UniqueIdentifier>
    </Filter>
    <Filter Include="src\Matrix">
      <UniqueIdentifier>{2a980113-25c2-48bf-ad51-6d2b2701ff57}</UniqueIdentifier>
    </Filter>
    <Filter Include="src\Matrix\src">
      <UniqueIdentifier>{f442e030-2e3f-4f9a-98a4-a790ba6a4aef}</UniqueIdentifier>
    </Filter>
  </ItemGroup>
  <ItemGroup>
    <ClCompile Include="src\main.cpp">
      <Filter>src</Filter>
    </ClCompile>
    <ClCompile Include="src\Matrix\src\Matrix.cpp">
      <Filter>src\Matrix\src</Filter>
    </ClCompile>
  </ItemGroup>
  <ItemGroup>
    <ClInclude Include="src\Matrix\Matrix.h">
      <Filter>src\Matrix</Filter>
    </ClInclude>
  </ItemGroup>
</Project>