<?xml version="1.0" encoding="utf-8"?>
<Project ToolsVersion="4.0" xmlns="http://schemas.microsoft.com/developer/msbuild/2003">
  <ItemGroup>
    <Filter Include="src">
      <UniqueIdentifier>{e1960a3e-60ce-49f8-8b45-f93eaad55a3a}</UniqueIdentifier>
    </Filter>
    <Filter Include="src\DCSConnection">
      <UniqueIdentifier>{ef66ae81-38a7-432b-a561-ab5e85de0c9c}</UniqueIdentifier>
    </Filter>
    <Filter Include="src\DCSConnection\src">
      <UniqueIdentifier>{753b2ac9-26f7-40fd-b50f-d110a1f071f7}</UniqueIdentifier>
    </Filter>
    <Filter Include="src\ImGui">
      <UniqueIdentifier>{d3337d76-041e-43fb-aed7-648f8e525ff1}</UniqueIdentifier>
    </Filter>
    <Filter Include="src\GUI">
      <UniqueIdentifier>{dd839001-4dc2-4079-b3ed-133b122c5b38}</UniqueIdentifier>
    </Filter>
    <Filter Include="src\GUI\src">
      <UniqueIdentifier>{4ba0faa2-00d6-48dd-9333-2bc87feb41fd}</UniqueIdentifier>
    </Filter>
  </ItemGroup>
  <ItemGroup>
    <ClCompile Include="src\main.cpp">
      <Filter>src</Filter>
    </ClCompile>
    <ClCompile Include="src\DCSConnection\src\DCSConnection.cpp">
      <Filter>src\DCSConnection\src</Filter>
    </ClCompile>
    <ClCompile Include="..\libs\imgui\imgui.cpp">
      <Filter>src\ImGui</Filter>
    </ClCompile>
    <ClCompile Include="..\libs\imgui\imgui_demo.cpp">
      <Filter>src\ImGui</Filter>
    </ClCompile>
    <ClCompile Include="..\libs\imgui\imgui_draw.cpp">
      <Filter>src\ImGui</Filter>
    </ClCompile>
    <ClCompile Include="..\libs\imgui\imgui_tables.cpp">
      <Filter>src\ImGui</Filter>
    </ClCompile>
    <ClCompile Include="..\libs\imgui\imgui_widgets.cpp">
      <Filter>src\ImGui</Filter>
    </ClCompile>
    <ClCompile Include="..\libs\imgui\imgui-sfml\imgui-SFML.cpp">
      <Filter>src\ImGui</Filter>
    </ClCompile>
    <ClCompile Include="src\GUI\src\GUI.cpp">
      <Filter>src\GUI\src</Filter>
    </ClCompile>
  </ItemGroup>
  <ItemGroup>
    <ClInclude Include="src\DCSConnection\DCSConnection.h">
      <Filter>src\DCSConnection</Filter>
    </ClInclude>
    <ClInclude Include="src\GUI\GUI.h">
      <Filter>src\GUI</Filter>
    </ClInclude>
  </ItemGroup>
</Project>