<?xml version="1.0" encoding="utf-8"?>
<Project ToolsVersion="4.0" xmlns="http://schemas.microsoft.com/developer/msbuild/2003">
  <ItemGroup>
    <Filter Include="src">
      <UniqueIdentifier>{e1960a3e-60ce-49f8-8b45-f93eaad55a3a}</UniqueIdentifier>
    </Filter>
    <Filter Include="src\DCSConnection">
      <UniqueIdentifier>{ef66ae81-38a7-432b-a561-ab5e85de0c9c}</UniqueIdentifier>
    </Filter>
    <Filter Include="src\DCSConnection\src">
      <UniqueIdentifier>{753b2ac9-26f7-40fd-b50f-d110a1f071f7}</UniqueIdentifier>
    </Filter>
    <Filter Include="src\GUI">
      <UniqueIdentifier>{dd839001-4dc2-4079-b3ed-133b122c5b38}</UniqueIdentifier>
    </Filter>
    <Filter Include="src\GUI\src">
      <UniqueIdentifier>{4ba0faa2-00d6-48dd-9333-2bc87feb41fd}</UniqueIdentifier>
    </Filter>
    <Filter Include="src\ImGui">
      <UniqueIdentifier>{66a2b1d9-e117-4754-9f80-d337d3f19c0e}</UniqueIdentifier>
    </Filter>
    <Filter Include="src\ImGui\src">
      <UniqueIdentifier>{f1579f40-4f4d-4c15-8b03-762a52a57cf7}</UniqueIdentifier>
    </Filter>
  </ItemGroup>
  <ItemGroup>
    <ClCompile Include="src\main.cpp">
      <Filter>src</Filter>
    </ClCompile>
    <ClCompile Include="src\DCSConnection\src\DCSConnection.cpp">
      <Filter>src\DCSConnection\src</Filter>
    </ClCompile>
    <ClCompile Include="src\GUI\src\ConnectionWindow.cpp">
      <Filter>src\GUI\src</Filter>
    </ClCompile>
    <ClCompile Include="src\GUI\src\TopMenuWindow.cpp">
      <Filter>src\GUI\src</Filter>
    </ClCompile>
    <ClCompile Include="src\GUI\src\CreateConnectionWindow.cpp">
      <Filter>src\GUI\src</Filter>
    </ClCompile>
    <ClCompile Include="..\..\..\..\Projects\ImGui\source\imgui_widgets.cpp">
      <Filter>src\ImGui\src</Filter>
    </ClCompile>
    <ClCompile Include="..\..\..\..\Projects\ImGui\source\imgui.cpp">
      <Filter>src\ImGui\src</Filter>
    </ClCompile>
    <ClCompile Include="..\..\..\..\Projects\ImGui\source\imgui_demo.cpp">
      <Filter>src\ImGui\src</Filter>
    </ClCompile>
    <ClCompile Include="..\..\..\..\Projects\ImGui\source\imgui_draw.cpp">
      <Filter>src\ImGui\src</Filter>
    </ClCompile>
    <ClCompile Include="..\..\..\..\Projects\ImGui\source\imgui_impl_sdl.cpp">
      <Filter>src\ImGui\src</Filter>
    </ClCompile>
  </ItemGroup>
  <ItemGroup>
    <ClInclude Include="src\DCSConnection\DCSConnection.h">
      <Filter>src\DCSConnection</Filter>
    </ClInclude>
    <ClInclude Include="src\GUI\GUI.h">
      <Filter>src\GUI</Filter>
    </ClInclude>
    <ClInclude Include="src\GUI\TopMenuWindow.h">
      <Filter>src\GUI</Filter>
    </ClInclude>
    <ClInclude Include="src\GUI\CreateConnectionWindow.h">
      <Filter>src\GUI</Filter>
    </ClInclude>
    <ClInclude Include="src\GUI\ConnectionWindow.h">
      <Filter>src\GUI</Filter>
    </ClInclude>
    <ClInclude Include="..\..\..\..\Projects\ImGui\header\imgui_internal.h">
      <Filter>src\ImGui</Filter>
    </ClInclude>
    <ClInclude Include="..\..\..\..\Projects\ImGui\header\imstb_rectpack.h">
      <Filter>src\ImGui</Filter>
    </ClInclude>
    <ClInclude Include="..\..\..\..\Projects\ImGui\header\imstb_textedit.h">
      <Filter>src\ImGui</Filter>
    </ClInclude>
    <ClInclude Include="..\..\..\..\Projects\ImGui\header\imstb_truetype.h">
      <Filter>src\ImGui</Filter>
    </ClInclude>
    <ClInclude Include="..\..\..\..\Projects\ImGui\header\imconfig.h">
      <Filter>src\ImGui</Filter>
    </ClInclude>
    <ClInclude Include="..\..\..\..\Projects\ImGui\header\imgui.h">
      <Filter>src\ImGui</Filter>
    </ClInclude>
    <ClInclude Include="..\..\..\..\Projects\ImGui\header\imgui_impl_sdl.h">
      <Filter>src\ImGui</Filter>
    </ClInclude>
    <ClInclude Include="..\..\..\..\Projects\ImGui\header\imgui_ed.h">
      <Filter>src\ImGui</Filter>
    </ClInclude>
    <ClInclude Include="..\..\..\..\Projects\ImGui\header\imgui_ed_private.h">
      <Filter>src\ImGui</Filter>
    </ClInclude>
  </ItemGroup>
</Project>